
Microsoft Visual Studio Solution File, Format Version 12.00
# Visual Studio Version 17
VisualStudioVersion = 17.0.31903.59
MinimumVisualStudioVersion = 10.0.40219.1
Project("{FAE04EC0-301F-11D3-BF4B-00C04F79EFBC}") = "Rrarr", "src\Rrarr\Rrarr.csproj", "{A00F29AA-8222-4F5F-BFC1-686718068F96}"
EndProject
Project("{2150E333-8FDC-42A3-9474-1A3956D46DE8}") = "Prowlarr", "Prowlarr", "{C07CCD0F-83F5-4406-BFCD-E13C068C6B49}"
EndProject
Project("{FAE04EC0-301F-11D3-BF4B-00C04F79EFBC}") = "Prowlarr.Host", "Prowlarr\src\NzbDrone.Host\Prowlarr.Host.csproj", "{0388666A-5503-4AE8-82BE-6A3E8DEDB2C1}"
EndProject
Project("{FAE04EC0-301F-11D3-BF4B-00C04F79EFBC}") = "Prowlarr.Console", "Prowlarr\src\NzbDrone.Console\Prowlarr.Console.csproj", "{ECD761A6-222D-467C-8E3E-43A10E7F59F2}"
EndProject
Project("{FAE04EC0-301F-11D3-BF4B-00C04F79EFBC}") = "Prowlarr.Http", "Prowlarr\src\Prowlarr.Http\Prowlarr.Http.csproj", "{5F5B62C1-4844-42E2-BC19-E2177F04DEB1}"
EndProject
Project("{FAE04EC0-301F-11D3-BF4B-00C04F79EFBC}") = "Prowlarr.Api.V1", "Prowlarr\src\Prowlarr.Api.V1\Prowlarr.Api.V1.csproj", "{87BCFC81-627F-4DDA-87EC-6824C0820E66}"
EndProject
Project("{FAE04EC0-301F-11D3-BF4B-00C04F79EFBC}") = "Prowlarr.SignalR", "Prowlarr\src\NzbDrone.SignalR\Prowlarr.SignalR.csproj", "{AD18C655-DD10-450E-A1CD-AB8FA0CE3B01}"
EndProject
Project("{FAE04EC0-301F-11D3-BF4B-00C04F79EFBC}") = "Prowlarr.Core", "Prowlarr\src\NzbDrone.Core\Prowlarr.Core.csproj", "{452D59E0-9B6D-40EB-982A-9BCAE35300BF}"
EndProject
Project("{FAE04EC0-301F-11D3-BF4B-00C04F79EFBC}") = "Prowlarr.Common", "Prowlarr\src\NzbDrone.Common\Prowlarr.Common.csproj", "{E3B5FF9F-4F01-432F-9510-147DA2192743}"
EndProject
Project("{2150E333-8FDC-42A3-9474-1A3956D46DE8}") = "Sonarr", "Sonarr", "{A1554C1C-C44A-4C37-9617-D293AEEE9B22}"
EndProject
Project("{FAE04EC0-301F-11D3-BF4B-00C04F79EFBC}") = "Sonarr.Console", "Sonarr\src\NzbDrone.Console\Sonarr.Console.csproj", "{34F10B06-4F98-40D8-A062-2DEB32A2B025}"
EndProject
Project("{FAE04EC0-301F-11D3-BF4B-00C04F79EFBC}") = "Sonarr.Host", "Sonarr\src\NzbDrone.Host\Sonarr.Host.csproj", "{39C22998-C6C5-4FCC-A61B-AB588FACFF77}"
EndProject
Project("{FAE04EC0-301F-11D3-BF4B-00C04F79EFBC}") = "Sonarr.Common", "Sonarr\src\NzbDrone.Common\Sonarr.Common.csproj", "{F06F3134-1591-404E-B781-51E8C3B5E476}"
EndProject
Project("{FAE04EC0-301F-11D3-BF4B-00C04F79EFBC}") = "Sonarr.Core", "Sonarr\src\NzbDrone.Core\Sonarr.Core.csproj", "{CE1781C3-D687-4458-BD24-518D6A5EAB76}"
EndProject
Project("{FAE04EC0-301F-11D3-BF4B-00C04F79EFBC}") = "Sonarr.RuntimePatches", "Sonarr\src\Sonarr.RuntimePatches\Sonarr.RuntimePatches.csproj", "{DB1FA0A1-B1BB-429D-AFC4-136B8DABD893}"
EndProject
Project("{FAE04EC0-301F-11D3-BF4B-00C04F79EFBC}") = "Sonarr.Http", "Sonarr\src\Sonarr.Http\Sonarr.Http.csproj", "{61F03212-AE87-4906-851F-1B5CD45FD411}"
EndProject
Project("{FAE04EC0-301F-11D3-BF4B-00C04F79EFBC}") = "Sonarr.Api.V3", "Sonarr\src\Sonarr.Api.V3\Sonarr.Api.V3.csproj", "{7F4DFF20-4218-4788-9A71-ACFB40CD4D5F}"
EndProject
Project("{FAE04EC0-301F-11D3-BF4B-00C04F79EFBC}") = "Sonarr.SignalR", "Sonarr\src\NzbDrone.SignalR\Sonarr.SignalR.csproj", "{63DB9769-C3F9-4885-907E-38D8354A35F8}"
EndProject
Project("{2150E333-8FDC-42A3-9474-1A3956D46DE8}") = "Radarr", "Radarr", "{53263643-B8F7-4552-AB53-133F7AA96D60}"
EndProject
Project("{FAE04EC0-301F-11D3-BF4B-00C04F79EFBC}") = "Radarr.Common", "Radarr\src\NzbDrone.Common\Radarr.Common.csproj", "{34BFFD31-C582-4869-8F63-7FBF3DAB31FB}"
EndProject
Project("{FAE04EC0-301F-11D3-BF4B-00C04F79EFBC}") = "Radarr.Console", "Radarr\src\NzbDrone.Console\Radarr.Console.csproj", "{1CA890DA-E1B9-462F-8E10-7A2D84439D09}"
EndProject
Project("{FAE04EC0-301F-11D3-BF4B-00C04F79EFBC}") = "Radarr.Core", "Radarr\src\NzbDrone.Core\Radarr.Core.csproj", "{54EE37F5-BFFF-49B3-AB9E-B3BF42947F42}"
EndProject
Project("{FAE04EC0-301F-11D3-BF4B-00C04F79EFBC}") = "Radarr.Host", "Radarr\src\NzbDrone.Host\Radarr.Host.csproj", "{24961733-460B-4F28-AAF2-76BAF5AD2D75}"
EndProject
Project("{FAE04EC0-301F-11D3-BF4B-00C04F79EFBC}") = "Radarr.SignalR", "Radarr\src\NzbDrone.SignalR\Radarr.SignalR.csproj", "{197DAB86-CE99-4991-8C6D-23A2CA11AE8D}"
EndProject
Project("{FAE04EC0-301F-11D3-BF4B-00C04F79EFBC}") = "Radarr.Api.V3", "Radarr\src\Radarr.Api.V3\Radarr.Api.V3.csproj", "{2E322A44-AEEB-400C-9CE2-5F1B3894FD15}"
EndProject
Project("{FAE04EC0-301F-11D3-BF4B-00C04F79EFBC}") = "Radarr.Http", "Radarr\src\Radarr.Http\Radarr.Http.csproj", "{64DA69FC-6953-471D-A370-F8C335578593}"
EndProject
Project("{FAE04EC0-301F-11D3-BF4B-00C04F79EFBC}") = "Prowlarr.Windows", "Prowlarr\src\NzbDrone.Windows\Prowlarr.Windows.csproj", "{98447378-ADC6-47F5-A346-BB5417F6325A}"
EndProject
Project("{FAE04EC0-301F-11D3-BF4B-00C04F79EFBC}") = "Prowlarr.Mono", "Prowlarr\src\NzbDrone.Mono\Prowlarr.Mono.csproj", "{6DCB8CCE-93B8-4991-AEB7-D9F6646DD81A}"
EndProject
Project("{FAE04EC0-301F-11D3-BF4B-00C04F79EFBC}") = "Radarr.Windows", "Radarr\src\NzbDrone.Windows\Radarr.Windows.csproj", "{57631118-70B1-44F1-8E87-ECEC1BA200A5}"
EndProject
Project("{FAE04EC0-301F-11D3-BF4B-00C04F79EFBC}") = "Radarr.Mono", "Radarr\src\NzbDrone.Mono\Radarr.Mono.csproj", "{59825B23-D99A-45F9-99E0-0A44F7F39AEE}"
EndProject
Project("{FAE04EC0-301F-11D3-BF4B-00C04F79EFBC}") = "Sonarr.Windows", "Sonarr\src\NzbDrone.Windows\Sonarr.Windows.csproj", "{A77CFAC5-2527-40C3-966C-816522BCF12D}"
EndProject
Project("{FAE04EC0-301F-11D3-BF4B-00C04F79EFBC}") = "Sonarr.Mono", "Sonarr\src\NzbDrone.Mono\Sonarr.Mono.csproj", "{5B2336F1-8322-4549-9B29-0739F6582CB8}"
EndProject
Project("{FAE04EC0-301F-11D3-BF4B-00C04F79EFBC}") = "ProwlarrStartup", "src\ProwlarrStartup\ProwlarrStartup.csproj", "{3601BA4E-2804-4067-88CE-74DB7B231589}"
EndProject
Project("{FAE04EC0-301F-11D3-BF4B-00C04F79EFBC}") = "RadarrStartup", "src\RadarrStartup\RadarrStartup.csproj", "{B8F82A6A-4E6C-4D07-ADD9-0B1760524EF3}"
EndProject
Project("{FAE04EC0-301F-11D3-BF4B-00C04F79EFBC}") = "SonarrStartup", "src\SonarrStartup\SonarrStartup.csproj", "{2E7C750C-AF10-47C0-A805-5BC54236EA00}"
EndProject
Project("{2150E333-8FDC-42A3-9474-1A3956D46DE8}") = "Lidarr", "Lidarr", "{70113958-BC81-4120-B077-5680E2B8B055}"
EndProject
Project("{FAE04EC0-301F-11D3-BF4B-00C04F79EFBC}") = "Lidarr.Api.V1", "Lidarr\src\Lidarr.Api.V1\Lidarr.Api.V1.csproj", "{2A559430-C27D-4C38-B687-AE4EBC6DBE0A}"
EndProject
Project("{FAE04EC0-301F-11D3-BF4B-00C04F79EFBC}") = "Lidarr.Http", "Lidarr\src\Lidarr.Http\Lidarr.Http.csproj", "{DCF65395-817A-4922-ACC2-2181E216435B}"
EndProject
Project("{FAE04EC0-301F-11D3-BF4B-00C04F79EFBC}") = "Lidarr.Common", "Lidarr\src\NzbDrone.Common\Lidarr.Common.csproj", "{A53D28DF-FD06-419C-A45F-5ECDFFBB0F7F}"
EndProject
Project("{FAE04EC0-301F-11D3-BF4B-00C04F79EFBC}") = "Lidarr.Console", "Lidarr\src\NzbDrone.Console\Lidarr.Console.csproj", "{17EFFE3F-B67C-44F4-A6A9-81A28E3C1838}"
EndProject
Project("{FAE04EC0-301F-11D3-BF4B-00C04F79EFBC}") = "Lidarr.Core", "Lidarr\src\NzbDrone.Core\Lidarr.Core.csproj", "{B5C9274A-E4FE-46FF-8E60-EE53C479CEC2}"
EndProject
Project("{FAE04EC0-301F-11D3-BF4B-00C04F79EFBC}") = "Lidarr.Host", "Lidarr\src\NzbDrone.Host\Lidarr.Host.csproj", "{B47A7E58-7828-433E-A23F-181A9662E289}"
EndProject
Project("{FAE04EC0-301F-11D3-BF4B-00C04F79EFBC}") = "Lidarr.Mono", "Lidarr\src\NzbDrone.Mono\Lidarr.Mono.csproj", "{02A072F3-E9AA-4603-A82A-A6FF239998D8}"
EndProject
Project("{FAE04EC0-301F-11D3-BF4B-00C04F79EFBC}") = "Lidarr.SignalR", "Lidarr\src\NzbDrone.SignalR\Lidarr.SignalR.csproj", "{68573FED-C71F-49C7-928C-25778D1CCE01}"
EndProject
Project("{FAE04EC0-301F-11D3-BF4B-00C04F79EFBC}") = "Lidarr.Windows", "Lidarr\src\NzbDrone.Windows\Lidarr.Windows.csproj", "{2E22B6DD-8C1B-4CAB-8A6E-C20F1A606CCC}"
EndProject
Project("{FAE04EC0-301F-11D3-BF4B-00C04F79EFBC}") = "LidarrStartup", "src\LidarrStartup\LidarrStartup.csproj", "{BB38FB7C-AEC5-441C-BB2F-4A5084A1AC94}"
EndProject
Project("{FAE04EC0-301F-11D3-BF4B-00C04F79EFBC}") = "Rralarr.Common", "src\Rralarr.Common\Rralarr.Common.csproj", "{B442662B-FD89-425F-9D9E-64714AB308B4}"
EndProject
Global
	GlobalSection(SolutionConfigurationPlatforms) = preSolution
		Debug|Any CPU = Debug|Any CPU
		Release|Any CPU = Release|Any CPU
	EndGlobalSection
	GlobalSection(SolutionProperties) = preSolution
		HideSolutionNode = FALSE
	EndGlobalSection
	GlobalSection(ProjectConfigurationPlatforms) = postSolution
		{A00F29AA-8222-4F5F-BFC1-686718068F96}.Debug|Any CPU.ActiveCfg = Debug|Any CPU
		{A00F29AA-8222-4F5F-BFC1-686718068F96}.Debug|Any CPU.Build.0 = Debug|Any CPU
		{A00F29AA-8222-4F5F-BFC1-686718068F96}.Release|Any CPU.ActiveCfg = Release|Any CPU
		{A00F29AA-8222-4F5F-BFC1-686718068F96}.Release|Any CPU.Build.0 = Release|Any CPU
		{0388666A-5503-4AE8-82BE-6A3E8DEDB2C1}.Debug|Any CPU.ActiveCfg = Debug|Any CPU
		{0388666A-5503-4AE8-82BE-6A3E8DEDB2C1}.Debug|Any CPU.Build.0 = Debug|Any CPU
		{0388666A-5503-4AE8-82BE-6A3E8DEDB2C1}.Release|Any CPU.ActiveCfg = Release|Any CPU
		{0388666A-5503-4AE8-82BE-6A3E8DEDB2C1}.Release|Any CPU.Build.0 = Release|Any CPU
		{ECD761A6-222D-467C-8E3E-43A10E7F59F2}.Debug|Any CPU.ActiveCfg = Debug|Any CPU
		{ECD761A6-222D-467C-8E3E-43A10E7F59F2}.Debug|Any CPU.Build.0 = Debug|Any CPU
		{ECD761A6-222D-467C-8E3E-43A10E7F59F2}.Release|Any CPU.ActiveCfg = Release|Any CPU
		{ECD761A6-222D-467C-8E3E-43A10E7F59F2}.Release|Any CPU.Build.0 = Release|Any CPU
		{5F5B62C1-4844-42E2-BC19-E2177F04DEB1}.Debug|Any CPU.ActiveCfg = Debug|Any CPU
		{5F5B62C1-4844-42E2-BC19-E2177F04DEB1}.Debug|Any CPU.Build.0 = Debug|Any CPU
		{5F5B62C1-4844-42E2-BC19-E2177F04DEB1}.Release|Any CPU.ActiveCfg = Release|Any CPU
		{5F5B62C1-4844-42E2-BC19-E2177F04DEB1}.Release|Any CPU.Build.0 = Release|Any CPU
		{87BCFC81-627F-4DDA-87EC-6824C0820E66}.Debug|Any CPU.ActiveCfg = Debug|Any CPU
		{87BCFC81-627F-4DDA-87EC-6824C0820E66}.Debug|Any CPU.Build.0 = Debug|Any CPU
		{87BCFC81-627F-4DDA-87EC-6824C0820E66}.Release|Any CPU.ActiveCfg = Release|Any CPU
		{87BCFC81-627F-4DDA-87EC-6824C0820E66}.Release|Any CPU.Build.0 = Release|Any CPU
		{AD18C655-DD10-450E-A1CD-AB8FA0CE3B01}.Debug|Any CPU.ActiveCfg = Debug|Any CPU
		{AD18C655-DD10-450E-A1CD-AB8FA0CE3B01}.Debug|Any CPU.Build.0 = Debug|Any CPU
		{AD18C655-DD10-450E-A1CD-AB8FA0CE3B01}.Release|Any CPU.ActiveCfg = Release|Any CPU
		{AD18C655-DD10-450E-A1CD-AB8FA0CE3B01}.Release|Any CPU.Build.0 = Release|Any CPU
		{452D59E0-9B6D-40EB-982A-9BCAE35300BF}.Debug|Any CPU.ActiveCfg = Debug|Any CPU
		{452D59E0-9B6D-40EB-982A-9BCAE35300BF}.Debug|Any CPU.Build.0 = Debug|Any CPU
		{452D59E0-9B6D-40EB-982A-9BCAE35300BF}.Release|Any CPU.ActiveCfg = Release|Any CPU
		{452D59E0-9B6D-40EB-982A-9BCAE35300BF}.Release|Any CPU.Build.0 = Release|Any CPU
		{E3B5FF9F-4F01-432F-9510-147DA2192743}.Debug|Any CPU.ActiveCfg = Debug|Any CPU
		{E3B5FF9F-4F01-432F-9510-147DA2192743}.Debug|Any CPU.Build.0 = Debug|Any CPU
		{E3B5FF9F-4F01-432F-9510-147DA2192743}.Release|Any CPU.ActiveCfg = Release|Any CPU
		{E3B5FF9F-4F01-432F-9510-147DA2192743}.Release|Any CPU.Build.0 = Release|Any CPU
		{34F10B06-4F98-40D8-A062-2DEB32A2B025}.Debug|Any CPU.ActiveCfg = Debug|Any CPU
		{34F10B06-4F98-40D8-A062-2DEB32A2B025}.Debug|Any CPU.Build.0 = Debug|Any CPU
		{34F10B06-4F98-40D8-A062-2DEB32A2B025}.Release|Any CPU.ActiveCfg = Release|Any CPU
		{34F10B06-4F98-40D8-A062-2DEB32A2B025}.Release|Any CPU.Build.0 = Release|Any CPU
		{39C22998-C6C5-4FCC-A61B-AB588FACFF77}.Debug|Any CPU.ActiveCfg = Debug|Any CPU
		{39C22998-C6C5-4FCC-A61B-AB588FACFF77}.Debug|Any CPU.Build.0 = Debug|Any CPU
		{39C22998-C6C5-4FCC-A61B-AB588FACFF77}.Release|Any CPU.ActiveCfg = Release|Any CPU
		{39C22998-C6C5-4FCC-A61B-AB588FACFF77}.Release|Any CPU.Build.0 = Release|Any CPU
		{F06F3134-1591-404E-B781-51E8C3B5E476}.Debug|Any CPU.ActiveCfg = Debug|Any CPU
		{F06F3134-1591-404E-B781-51E8C3B5E476}.Debug|Any CPU.Build.0 = Debug|Any CPU
		{F06F3134-1591-404E-B781-51E8C3B5E476}.Release|Any CPU.ActiveCfg = Release|Any CPU
		{F06F3134-1591-404E-B781-51E8C3B5E476}.Release|Any CPU.Build.0 = Release|Any CPU
		{CE1781C3-D687-4458-BD24-518D6A5EAB76}.Debug|Any CPU.ActiveCfg = Debug|Any CPU
		{CE1781C3-D687-4458-BD24-518D6A5EAB76}.Debug|Any CPU.Build.0 = Debug|Any CPU
		{CE1781C3-D687-4458-BD24-518D6A5EAB76}.Release|Any CPU.ActiveCfg = Release|Any CPU
		{CE1781C3-D687-4458-BD24-518D6A5EAB76}.Release|Any CPU.Build.0 = Release|Any CPU
		{DB1FA0A1-B1BB-429D-AFC4-136B8DABD893}.Debug|Any CPU.ActiveCfg = Debug|Any CPU
		{DB1FA0A1-B1BB-429D-AFC4-136B8DABD893}.Debug|Any CPU.Build.0 = Debug|Any CPU
		{DB1FA0A1-B1BB-429D-AFC4-136B8DABD893}.Release|Any CPU.ActiveCfg = Release|Any CPU
		{DB1FA0A1-B1BB-429D-AFC4-136B8DABD893}.Release|Any CPU.Build.0 = Release|Any CPU
		{61F03212-AE87-4906-851F-1B5CD45FD411}.Debug|Any CPU.ActiveCfg = Debug|Any CPU
		{61F03212-AE87-4906-851F-1B5CD45FD411}.Debug|Any CPU.Build.0 = Debug|Any CPU
		{61F03212-AE87-4906-851F-1B5CD45FD411}.Release|Any CPU.ActiveCfg = Release|Any CPU
		{61F03212-AE87-4906-851F-1B5CD45FD411}.Release|Any CPU.Build.0 = Release|Any CPU
		{7F4DFF20-4218-4788-9A71-ACFB40CD4D5F}.Debug|Any CPU.ActiveCfg = Debug|Any CPU
		{7F4DFF20-4218-4788-9A71-ACFB40CD4D5F}.Debug|Any CPU.Build.0 = Debug|Any CPU
		{7F4DFF20-4218-4788-9A71-ACFB40CD4D5F}.Release|Any CPU.ActiveCfg = Release|Any CPU
		{7F4DFF20-4218-4788-9A71-ACFB40CD4D5F}.Release|Any CPU.Build.0 = Release|Any CPU
		{63DB9769-C3F9-4885-907E-38D8354A35F8}.Debug|Any CPU.ActiveCfg = Debug|Any CPU
		{63DB9769-C3F9-4885-907E-38D8354A35F8}.Debug|Any CPU.Build.0 = Debug|Any CPU
		{63DB9769-C3F9-4885-907E-38D8354A35F8}.Release|Any CPU.ActiveCfg = Release|Any CPU
		{63DB9769-C3F9-4885-907E-38D8354A35F8}.Release|Any CPU.Build.0 = Release|Any CPU
		{34BFFD31-C582-4869-8F63-7FBF3DAB31FB}.Debug|Any CPU.ActiveCfg = Debug|Any CPU
		{34BFFD31-C582-4869-8F63-7FBF3DAB31FB}.Debug|Any CPU.Build.0 = Debug|Any CPU
		{34BFFD31-C582-4869-8F63-7FBF3DAB31FB}.Release|Any CPU.ActiveCfg = Release|Any CPU
		{34BFFD31-C582-4869-8F63-7FBF3DAB31FB}.Release|Any CPU.Build.0 = Release|Any CPU
		{1CA890DA-E1B9-462F-8E10-7A2D84439D09}.Debug|Any CPU.ActiveCfg = Debug|Any CPU
		{1CA890DA-E1B9-462F-8E10-7A2D84439D09}.Debug|Any CPU.Build.0 = Debug|Any CPU
		{1CA890DA-E1B9-462F-8E10-7A2D84439D09}.Release|Any CPU.ActiveCfg = Release|Any CPU
		{1CA890DA-E1B9-462F-8E10-7A2D84439D09}.Release|Any CPU.Build.0 = Release|Any CPU
		{54EE37F5-BFFF-49B3-AB9E-B3BF42947F42}.Debug|Any CPU.ActiveCfg = Debug|Any CPU
		{54EE37F5-BFFF-49B3-AB9E-B3BF42947F42}.Debug|Any CPU.Build.0 = Debug|Any CPU
		{54EE37F5-BFFF-49B3-AB9E-B3BF42947F42}.Release|Any CPU.ActiveCfg = Release|Any CPU
		{54EE37F5-BFFF-49B3-AB9E-B3BF42947F42}.Release|Any CPU.Build.0 = Release|Any CPU
		{24961733-460B-4F28-AAF2-76BAF5AD2D75}.Debug|Any CPU.ActiveCfg = Debug|Any CPU
		{24961733-460B-4F28-AAF2-76BAF5AD2D75}.Debug|Any CPU.Build.0 = Debug|Any CPU
		{24961733-460B-4F28-AAF2-76BAF5AD2D75}.Release|Any CPU.ActiveCfg = Release|Any CPU
		{24961733-460B-4F28-AAF2-76BAF5AD2D75}.Release|Any CPU.Build.0 = Release|Any CPU
		{197DAB86-CE99-4991-8C6D-23A2CA11AE8D}.Debug|Any CPU.ActiveCfg = Debug|Any CPU
		{197DAB86-CE99-4991-8C6D-23A2CA11AE8D}.Debug|Any CPU.Build.0 = Debug|Any CPU
		{197DAB86-CE99-4991-8C6D-23A2CA11AE8D}.Release|Any CPU.ActiveCfg = Release|Any CPU
		{197DAB86-CE99-4991-8C6D-23A2CA11AE8D}.Release|Any CPU.Build.0 = Release|Any CPU
		{2E322A44-AEEB-400C-9CE2-5F1B3894FD15}.Debug|Any CPU.ActiveCfg = Debug|Any CPU
		{2E322A44-AEEB-400C-9CE2-5F1B3894FD15}.Debug|Any CPU.Build.0 = Debug|Any CPU
		{2E322A44-AEEB-400C-9CE2-5F1B3894FD15}.Release|Any CPU.ActiveCfg = Release|Any CPU
		{2E322A44-AEEB-400C-9CE2-5F1B3894FD15}.Release|Any CPU.Build.0 = Release|Any CPU
		{64DA69FC-6953-471D-A370-F8C335578593}.Debug|Any CPU.ActiveCfg = Debug|Any CPU
		{64DA69FC-6953-471D-A370-F8C335578593}.Debug|Any CPU.Build.0 = Debug|Any CPU
		{64DA69FC-6953-471D-A370-F8C335578593}.Release|Any CPU.ActiveCfg = Release|Any CPU
		{64DA69FC-6953-471D-A370-F8C335578593}.Release|Any CPU.Build.0 = Release|Any CPU
		{98447378-ADC6-47F5-A346-BB5417F6325A}.Debug|Any CPU.ActiveCfg = Debug|Any CPU
		{98447378-ADC6-47F5-A346-BB5417F6325A}.Debug|Any CPU.Build.0 = Debug|Any CPU
		{98447378-ADC6-47F5-A346-BB5417F6325A}.Release|Any CPU.ActiveCfg = Release|Any CPU
		{98447378-ADC6-47F5-A346-BB5417F6325A}.Release|Any CPU.Build.0 = Release|Any CPU
		{6DCB8CCE-93B8-4991-AEB7-D9F6646DD81A}.Debug|Any CPU.ActiveCfg = Debug|Any CPU
		{6DCB8CCE-93B8-4991-AEB7-D9F6646DD81A}.Debug|Any CPU.Build.0 = Debug|Any CPU
		{6DCB8CCE-93B8-4991-AEB7-D9F6646DD81A}.Release|Any CPU.ActiveCfg = Release|Any CPU
		{6DCB8CCE-93B8-4991-AEB7-D9F6646DD81A}.Release|Any CPU.Build.0 = Release|Any CPU
		{57631118-70B1-44F1-8E87-ECEC1BA200A5}.Debug|Any CPU.ActiveCfg = Debug|Any CPU
		{57631118-70B1-44F1-8E87-ECEC1BA200A5}.Debug|Any CPU.Build.0 = Debug|Any CPU
		{57631118-70B1-44F1-8E87-ECEC1BA200A5}.Release|Any CPU.ActiveCfg = Release|Any CPU
		{57631118-70B1-44F1-8E87-ECEC1BA200A5}.Release|Any CPU.Build.0 = Release|Any CPU
		{59825B23-D99A-45F9-99E0-0A44F7F39AEE}.Debug|Any CPU.ActiveCfg = Debug|Any CPU
		{59825B23-D99A-45F9-99E0-0A44F7F39AEE}.Debug|Any CPU.Build.0 = Debug|Any CPU
		{59825B23-D99A-45F9-99E0-0A44F7F39AEE}.Release|Any CPU.ActiveCfg = Release|Any CPU
		{59825B23-D99A-45F9-99E0-0A44F7F39AEE}.Release|Any CPU.Build.0 = Release|Any CPU
		{A77CFAC5-2527-40C3-966C-816522BCF12D}.Debug|Any CPU.ActiveCfg = Debug|Any CPU
		{A77CFAC5-2527-40C3-966C-816522BCF12D}.Debug|Any CPU.Build.0 = Debug|Any CPU
		{A77CFAC5-2527-40C3-966C-816522BCF12D}.Release|Any CPU.ActiveCfg = Release|Any CPU
		{A77CFAC5-2527-40C3-966C-816522BCF12D}.Release|Any CPU.Build.0 = Release|Any CPU
		{5B2336F1-8322-4549-9B29-0739F6582CB8}.Debug|Any CPU.ActiveCfg = Debug|Any CPU
		{5B2336F1-8322-4549-9B29-0739F6582CB8}.Debug|Any CPU.Build.0 = Debug|Any CPU
		{5B2336F1-8322-4549-9B29-0739F6582CB8}.Release|Any CPU.ActiveCfg = Release|Any CPU
		{5B2336F1-8322-4549-9B29-0739F6582CB8}.Release|Any CPU.Build.0 = Release|Any CPU
		{3601BA4E-2804-4067-88CE-74DB7B231589}.Debug|Any CPU.ActiveCfg = Debug|Any CPU
		{3601BA4E-2804-4067-88CE-74DB7B231589}.Debug|Any CPU.Build.0 = Debug|Any CPU
		{3601BA4E-2804-4067-88CE-74DB7B231589}.Release|Any CPU.ActiveCfg = Release|Any CPU
		{3601BA4E-2804-4067-88CE-74DB7B231589}.Release|Any CPU.Build.0 = Release|Any CPU
		{B8F82A6A-4E6C-4D07-ADD9-0B1760524EF3}.Debug|Any CPU.ActiveCfg = Debug|Any CPU
		{B8F82A6A-4E6C-4D07-ADD9-0B1760524EF3}.Debug|Any CPU.Build.0 = Debug|Any CPU
		{B8F82A6A-4E6C-4D07-ADD9-0B1760524EF3}.Release|Any CPU.ActiveCfg = Release|Any CPU
		{B8F82A6A-4E6C-4D07-ADD9-0B1760524EF3}.Release|Any CPU.Build.0 = Release|Any CPU
		{2E7C750C-AF10-47C0-A805-5BC54236EA00}.Debug|Any CPU.ActiveCfg = Debug|Any CPU
		{2E7C750C-AF10-47C0-A805-5BC54236EA00}.Debug|Any CPU.Build.0 = Debug|Any CPU
		{2E7C750C-AF10-47C0-A805-5BC54236EA00}.Release|Any CPU.ActiveCfg = Release|Any CPU
		{2E7C750C-AF10-47C0-A805-5BC54236EA00}.Release|Any CPU.Build.0 = Release|Any CPU
		{2A559430-C27D-4C38-B687-AE4EBC6DBE0A}.Debug|Any CPU.ActiveCfg = Debug|Any CPU
		{2A559430-C27D-4C38-B687-AE4EBC6DBE0A}.Debug|Any CPU.Build.0 = Debug|Any CPU
		{2A559430-C27D-4C38-B687-AE4EBC6DBE0A}.Release|Any CPU.ActiveCfg = Release|Any CPU
		{2A559430-C27D-4C38-B687-AE4EBC6DBE0A}.Release|Any CPU.Build.0 = Release|Any CPU
		{DCF65395-817A-4922-ACC2-2181E216435B}.Debug|Any CPU.ActiveCfg = Debug|Any CPU
		{DCF65395-817A-4922-ACC2-2181E216435B}.Debug|Any CPU.Build.0 = Debug|Any CPU
		{DCF65395-817A-4922-ACC2-2181E216435B}.Release|Any CPU.ActiveCfg = Release|Any CPU
		{DCF65395-817A-4922-ACC2-2181E216435B}.Release|Any CPU.Build.0 = Release|Any CPU
		{A53D28DF-FD06-419C-A45F-5ECDFFBB0F7F}.Debug|Any CPU.ActiveCfg = Debug|Any CPU
		{A53D28DF-FD06-419C-A45F-5ECDFFBB0F7F}.Debug|Any CPU.Build.0 = Debug|Any CPU
		{A53D28DF-FD06-419C-A45F-5ECDFFBB0F7F}.Release|Any CPU.ActiveCfg = Release|Any CPU
		{A53D28DF-FD06-419C-A45F-5ECDFFBB0F7F}.Release|Any CPU.Build.0 = Release|Any CPU
		{17EFFE3F-B67C-44F4-A6A9-81A28E3C1838}.Debug|Any CPU.ActiveCfg = Debug|Any CPU
		{17EFFE3F-B67C-44F4-A6A9-81A28E3C1838}.Debug|Any CPU.Build.0 = Debug|Any CPU
		{17EFFE3F-B67C-44F4-A6A9-81A28E3C1838}.Release|Any CPU.ActiveCfg = Release|Any CPU
		{17EFFE3F-B67C-44F4-A6A9-81A28E3C1838}.Release|Any CPU.Build.0 = Release|Any CPU
		{B5C9274A-E4FE-46FF-8E60-EE53C479CEC2}.Debug|Any CPU.ActiveCfg = Debug|Any CPU
		{B5C9274A-E4FE-46FF-8E60-EE53C479CEC2}.Debug|Any CPU.Build.0 = Debug|Any CPU
		{B5C9274A-E4FE-46FF-8E60-EE53C479CEC2}.Release|Any CPU.ActiveCfg = Release|Any CPU
		{B5C9274A-E4FE-46FF-8E60-EE53C479CEC2}.Release|Any CPU.Build.0 = Release|Any CPU
		{B47A7E58-7828-433E-A23F-181A9662E289}.Debug|Any CPU.ActiveCfg = Debug|Any CPU
		{B47A7E58-7828-433E-A23F-181A9662E289}.Debug|Any CPU.Build.0 = Debug|Any CPU
		{B47A7E58-7828-433E-A23F-181A9662E289}.Release|Any CPU.ActiveCfg = Release|Any CPU
		{B47A7E58-7828-433E-A23F-181A9662E289}.Release|Any CPU.Build.0 = Release|Any CPU
		{02A072F3-E9AA-4603-A82A-A6FF239998D8}.Debug|Any CPU.ActiveCfg = Debug|Any CPU
		{02A072F3-E9AA-4603-A82A-A6FF239998D8}.Debug|Any CPU.Build.0 = Debug|Any CPU
		{02A072F3-E9AA-4603-A82A-A6FF239998D8}.Release|Any CPU.ActiveCfg = Release|Any CPU
		{02A072F3-E9AA-4603-A82A-A6FF239998D8}.Release|Any CPU.Build.0 = Release|Any CPU
		{68573FED-C71F-49C7-928C-25778D1CCE01}.Debug|Any CPU.ActiveCfg = Debug|Any CPU
		{68573FED-C71F-49C7-928C-25778D1CCE01}.Debug|Any CPU.Build.0 = Debug|Any CPU
		{68573FED-C71F-49C7-928C-25778D1CCE01}.Release|Any CPU.ActiveCfg = Release|Any CPU
		{68573FED-C71F-49C7-928C-25778D1CCE01}.Release|Any CPU.Build.0 = Release|Any CPU
		{2E22B6DD-8C1B-4CAB-8A6E-C20F1A606CCC}.Debug|Any CPU.ActiveCfg = Debug|Any CPU
		{2E22B6DD-8C1B-4CAB-8A6E-C20F1A606CCC}.Debug|Any CPU.Build.0 = Debug|Any CPU
		{2E22B6DD-8C1B-4CAB-8A6E-C20F1A606CCC}.Release|Any CPU.ActiveCfg = Release|Any CPU
		{2E22B6DD-8C1B-4CAB-8A6E-C20F1A606CCC}.Release|Any CPU.Build.0 = Release|Any CPU
		{BB38FB7C-AEC5-441C-BB2F-4A5084A1AC94}.Debug|Any CPU.ActiveCfg = Debug|Any CPU
		{BB38FB7C-AEC5-441C-BB2F-4A5084A1AC94}.Debug|Any CPU.Build.0 = Debug|Any CPU
		{BB38FB7C-AEC5-441C-BB2F-4A5084A1AC94}.Release|Any CPU.ActiveCfg = Release|Any CPU
		{BB38FB7C-AEC5-441C-BB2F-4A5084A1AC94}.Release|Any CPU.Build.0 = Release|Any CPU
		{B442662B-FD89-425F-9D9E-64714AB308B4}.Debug|Any CPU.ActiveCfg = Debug|Any CPU
		{B442662B-FD89-425F-9D9E-64714AB308B4}.Debug|Any CPU.Build.0 = Debug|Any CPU
		{B442662B-FD89-425F-9D9E-64714AB308B4}.Release|Any CPU.ActiveCfg = Release|Any CPU
		{B442662B-FD89-425F-9D9E-64714AB308B4}.Release|Any CPU.Build.0 = Release|Any CPU
	EndGlobalSection
	GlobalSection(NestedProjects) = preSolution
		{0388666A-5503-4AE8-82BE-6A3E8DEDB2C1} = {C07CCD0F-83F5-4406-BFCD-E13C068C6B49}
		{ECD761A6-222D-467C-8E3E-43A10E7F59F2} = {C07CCD0F-83F5-4406-BFCD-E13C068C6B49}
		{5F5B62C1-4844-42E2-BC19-E2177F04DEB1} = {C07CCD0F-83F5-4406-BFCD-E13C068C6B49}
		{87BCFC81-627F-4DDA-87EC-6824C0820E66} = {C07CCD0F-83F5-4406-BFCD-E13C068C6B49}
		{AD18C655-DD10-450E-A1CD-AB8FA0CE3B01} = {C07CCD0F-83F5-4406-BFCD-E13C068C6B49}
		{452D59E0-9B6D-40EB-982A-9BCAE35300BF} = {C07CCD0F-83F5-4406-BFCD-E13C068C6B49}
		{E3B5FF9F-4F01-432F-9510-147DA2192743} = {C07CCD0F-83F5-4406-BFCD-E13C068C6B49}
		{34F10B06-4F98-40D8-A062-2DEB32A2B025} = {A1554C1C-C44A-4C37-9617-D293AEEE9B22}
		{39C22998-C6C5-4FCC-A61B-AB588FACFF77} = {A1554C1C-C44A-4C37-9617-D293AEEE9B22}
		{F06F3134-1591-404E-B781-51E8C3B5E476} = {A1554C1C-C44A-4C37-9617-D293AEEE9B22}
		{CE1781C3-D687-4458-BD24-518D6A5EAB76} = {A1554C1C-C44A-4C37-9617-D293AEEE9B22}
		{DB1FA0A1-B1BB-429D-AFC4-136B8DABD893} = {A1554C1C-C44A-4C37-9617-D293AEEE9B22}
		{61F03212-AE87-4906-851F-1B5CD45FD411} = {A1554C1C-C44A-4C37-9617-D293AEEE9B22}
		{7F4DFF20-4218-4788-9A71-ACFB40CD4D5F} = {A1554C1C-C44A-4C37-9617-D293AEEE9B22}
		{63DB9769-C3F9-4885-907E-38D8354A35F8} = {A1554C1C-C44A-4C37-9617-D293AEEE9B22}
		{34BFFD31-C582-4869-8F63-7FBF3DAB31FB} = {53263643-B8F7-4552-AB53-133F7AA96D60}
		{1CA890DA-E1B9-462F-8E10-7A2D84439D09} = {53263643-B8F7-4552-AB53-133F7AA96D60}
		{54EE37F5-BFFF-49B3-AB9E-B3BF42947F42} = {53263643-B8F7-4552-AB53-133F7AA96D60}
		{24961733-460B-4F28-AAF2-76BAF5AD2D75} = {53263643-B8F7-4552-AB53-133F7AA96D60}
		{197DAB86-CE99-4991-8C6D-23A2CA11AE8D} = {53263643-B8F7-4552-AB53-133F7AA96D60}
		{2E322A44-AEEB-400C-9CE2-5F1B3894FD15} = {53263643-B8F7-4552-AB53-133F7AA96D60}
		{64DA69FC-6953-471D-A370-F8C335578593} = {53263643-B8F7-4552-AB53-133F7AA96D60}
		{98447378-ADC6-47F5-A346-BB5417F6325A} = {C07CCD0F-83F5-4406-BFCD-E13C068C6B49}
		{6DCB8CCE-93B8-4991-AEB7-D9F6646DD81A} = {C07CCD0F-83F5-4406-BFCD-E13C068C6B49}
		{57631118-70B1-44F1-8E87-ECEC1BA200A5} = {53263643-B8F7-4552-AB53-133F7AA96D60}
		{59825B23-D99A-45F9-99E0-0A44F7F39AEE} = {53263643-B8F7-4552-AB53-133F7AA96D60}
		{A77CFAC5-2527-40C3-966C-816522BCF12D} = {A1554C1C-C44A-4C37-9617-D293AEEE9B22}
		{5B2336F1-8322-4549-9B29-0739F6582CB8} = {A1554C1C-C44A-4C37-9617-D293AEEE9B22}
		{2A559430-C27D-4C38-B687-AE4EBC6DBE0A} = {70113958-BC81-4120-B077-5680E2B8B055}
		{DCF65395-817A-4922-ACC2-2181E216435B} = {70113958-BC81-4120-B077-5680E2B8B055}
		{A53D28DF-FD06-419C-A45F-5ECDFFBB0F7F} = {70113958-BC81-4120-B077-5680E2B8B055}
		{17EFFE3F-B67C-44F4-A6A9-81A28E3C1838} = {70113958-BC81-4120-B077-5680E2B8B055}
		{B5C9274A-E4FE-46FF-8E60-EE53C479CEC2} = {70113958-BC81-4120-B077-5680E2B8B055}
		{B47A7E58-7828-433E-A23F-181A9662E289} = {70113958-BC81-4120-B077-5680E2B8B055}
		{02A072F3-E9AA-4603-A82A-A6FF239998D8} = {70113958-BC81-4120-B077-5680E2B8B055}
		{68573FED-C71F-49C7-928C-25778D1CCE01} = {70113958-BC81-4120-B077-5680E2B8B055}
		{2E22B6DD-8C1B-4CAB-8A6E-C20F1A606CCC} = {70113958-BC81-4120-B077-5680E2B8B055}
	EndGlobalSection
EndGlobal
